
Microsoft Visual Studio Solution File, Format Version 12.00
# Visual Studio Version 17
VisualStudioVersion = 17.2.32616.157
MinimumVisualStudioVersion = 10.0.40219.1
Project("{FAE04EC0-301F-11D3-BF4B-00C04F79EFBC}") = "BusinessObject", "BusinessObject\BusinessObject.csproj", "{D67EF243-F286-49FC-9BC4-CB7B66642031}"
EndProject
Project("{FAE04EC0-301F-11D3-BF4B-00C04F79EFBC}") = "DataAccess", "DataAccess\DataAccess.csproj", "{B29B213C-A88D-40A4-B179-7F58A0322C3D}"
EndProject
Project("{FAE04EC0-301F-11D3-BF4B-00C04F79EFBC}") = "BillConsoleApp", "BillConsoleApp\BillConsoleApp.csproj", "{17FAC06D-78B6-49CD-914A-5DDF84CE431B}"
EndProject
Global
	GlobalSection(SolutionConfigurationPlatforms) = preSolution
		Debug|Any CPU = Debug|Any CPU
		Release|Any CPU = Release|Any CPU
	EndGlobalSection
	GlobalSection(ProjectConfigurationPlatforms) = postSolution
		{D67EF243-F286-49FC-9BC4-CB7B66642031}.Debug|Any CPU.ActiveCfg = Debug|Any CPU
		{D67EF243-F286-49FC-9BC4-CB7B66642031}.Debug|Any CPU.Build.0 = Debug|Any CPU
		{D67EF243-F286-49FC-9BC4-CB7B66642031}.Release|Any CPU.ActiveCfg = Release|Any CPU
		{D67EF243-F286-49FC-9BC4-CB7B66642031}.Release|Any CPU.Build.0 = Release|Any CPU
		{B29B213C-A88D-40A4-B179-7F58A0322C3D}.Debug|Any CPU.ActiveCfg = Debug|Any CPU
		{B29B213C-A88D-40A4-B179-7F58A0322C3D}.Debug|Any CPU.Build.0 = Debug|Any CPU
		{B29B213C-A88D-40A4-B179-7F58A0322C3D}.Release|Any CPU.ActiveCfg = Release|Any CPU
		{B29B213C-A88D-40A4-B179-7F58A0322C3D}.Release|Any CPU.Build.0 = Release|Any CPU
		{17FAC06D-78B6-49CD-914A-5DDF84CE431B}.Debug|Any CPU.ActiveCfg = Debug|Any CPU
		{17FAC06D-78B6-49CD-914A-5DDF84CE431B}.Debug|Any CPU.Build.0 = Debug|Any CPU
		{17FAC06D-78B6-49CD-914A-5DDF84CE431B}.Release|Any CPU.ActiveCfg = Release|Any CPU
		{17FAC06D-78B6-49CD-914A-5DDF84CE431B}.Release|Any CPU.Build.0 = Release|Any CPU
	EndGlobalSection
	GlobalSection(SolutionProperties) = preSolution
		HideSolutionNode = FALSE
	EndGlobalSection
	GlobalSection(ExtensibilityGlobals) = postSolution
		SolutionGuid = {03AAF4D6-EEEC-4A85-AC57-478B8CEEBA0A}
	EndGlobalSection
EndGlobal
